// !$*UTF8*$!
{
	archiveVersion = 1;
	classes = {
	};
	objectVersion = 56;
	objects = {

/* Begin PBXBuildFile section */
		8D5B92C32C516CE700F1EFF3 /* AppDelegate.swift in Sources */ = {isa = PBXBuildFile; fileRef = 8D5B92C22C516CE700F1EFF3 /* AppDelegate.swift */; };
		8D5B92C52C516CE700F1EFF3 /* SceneDelegate.swift in Sources */ = {isa = PBXBuildFile; fileRef = 8D5B92C42C516CE700F1EFF3 /* SceneDelegate.swift */; };
		8D5B92C72C516CE700F1EFF3 /* ViewController.swift in Sources */ = {isa = PBXBuildFile; fileRef = 8D5B92C62C516CE700F1EFF3 /* ViewController.swift */; };
		8D5B92CA2C516CE700F1EFF3 /* Base in Resources */ = {isa = PBXBuildFile; fileRef = 8D5B92C92C516CE700F1EFF3 /* Base */; };
		8D5B92CC2C516CE800F1EFF3 /* Assets.xcassets in Resources */ = {isa = PBXBuildFile; fileRef = 8D5B92CB2C516CE800F1EFF3 /* Assets.xcassets */; };
		8D5B92CF2C516CE800F1EFF3 /* Base in Resources */ = {isa = PBXBuildFile; fileRef = 8D5B92CE2C516CE800F1EFF3 /* Base */; };
		8D5B92DA2C516CE800F1EFF3 /* TestAppStoryBoardTests.swift in Sources */ = {isa = PBXBuildFile; fileRef = 8D5B92D92C516CE800F1EFF3 /* TestAppStoryBoardTests.swift */; };
		8D5B92E42C516CE800F1EFF3 /* TestAppStoryBoardUITests.swift in Sources */ = {isa = PBXBuildFile; fileRef = 8D5B92E32C516CE800F1EFF3 /* TestAppStoryBoardUITests.swift */; };
		8D5B92E62C516CE800F1EFF3 /* TestAppStoryBoardUITestsLaunchTests.swift in Sources */ = {isa = PBXBuildFile; fileRef = 8D5B92E52C516CE800F1EFF3 /* TestAppStoryBoardUITestsLaunchTests.swift */; };
		8D7732582C55792B0037AAA8 /* TraficLightScreenViewController.swift in Sources */ = {isa = PBXBuildFile; fileRef = 8D7732572C55792B0037AAA8 /* TraficLightScreenViewController.swift */; };
		8D7734202C55353A00230684 /* StackViews.storyboard in Resources */ = {isa = PBXBuildFile; fileRef = 8D77341F2C55353A00230684 /* StackViews.storyboard */; };
		8D7734582C55520A00230684 /* Trafic Lights Screen.storyboard in Resources */ = {isa = PBXBuildFile; fileRef = 8D7734572C55520A00230684 /* Trafic Lights Screen.storyboard */; };
/* End PBXBuildFile section */

/* Begin PBXContainerItemProxy section */
		8D5B92D62C516CE800F1EFF3 /* PBXContainerItemProxy */ = {
			isa = PBXContainerItemProxy;
			containerPortal = 8D5B92B72C516CE700F1EFF3 /* Project object */;
			proxyType = 1;
			remoteGlobalIDString = 8D5B92BE2C516CE700F1EFF3;
			remoteInfo = TestAppStoryBoard;
		};
		8D5B92E02C516CE800F1EFF3 /* PBXContainerItemProxy */ = {
			isa = PBXContainerItemProxy;
			containerPortal = 8D5B92B72C516CE700F1EFF3 /* Project object */;
			proxyType = 1;
			remoteGlobalIDString = 8D5B92BE2C516CE700F1EFF3;
			remoteInfo = TestAppStoryBoard;
		};
/* End PBXContainerItemProxy section */

/* Begin PBXFileReference section */
		8D5B92BF2C516CE700F1EFF3 /* TestAppStoryBoard.app */ = {isa = PBXFileReference; explicitFileType = wrapper.application; includeInIndex = 0; path = TestAppStoryBoard.app; sourceTree = BUILT_PRODUCTS_DIR; };
		8D5B92C22C516CE700F1EFF3 /* AppDelegate.swift */ = {isa = PBXFileReference; lastKnownFileType = sourcecode.swift; path = AppDelegate.swift; sourceTree = "<group>"; };
		8D5B92C42C516CE700F1EFF3 /* SceneDelegate.swift */ = {isa = PBXFileReference; lastKnownFileType = sourcecode.swift; path = SceneDelegate.swift; sourceTree = "<group>"; };
		8D5B92C62C516CE700F1EFF3 /* ViewController.swift */ = {isa = PBXFileReference; lastKnownFileType = sourcecode.swift; path = ViewController.swift; sourceTree = "<group>"; };
		8D5B92C92C516CE700F1EFF3 /* Base */ = {isa = PBXFileReference; lastKnownFileType = file.storyboard; name = Base; path = Base.lproj/Main.storyboard; sourceTree = "<group>"; };
		8D5B92CB2C516CE800F1EFF3 /* Assets.xcassets */ = {isa = PBXFileReference; lastKnownFileType = folder.assetcatalog; path = Assets.xcassets; sourceTree = "<group>"; };
		8D5B92CE2C516CE800F1EFF3 /* Base */ = {isa = PBXFileReference; lastKnownFileType = file.storyboard; name = Base; path = Base.lproj/LaunchScreen.storyboard; sourceTree = "<group>"; };
		8D5B92D02C516CE800F1EFF3 /* Info.plist */ = {isa = PBXFileReference; lastKnownFileType = text.plist.xml; path = Info.plist; sourceTree = "<group>"; };
		8D5B92D52C516CE800F1EFF3 /* TestAppStoryBoardTests.xctest */ = {isa = PBXFileReference; explicitFileType = wrapper.cfbundle; includeInIndex = 0; path = TestAppStoryBoardTests.xctest; sourceTree = BUILT_PRODUCTS_DIR; };
		8D5B92D92C516CE800F1EFF3 /* TestAppStoryBoardTests.swift */ = {isa = PBXFileReference; lastKnownFileType = sourcecode.swift; path = TestAppStoryBoardTests.swift; sourceTree = "<group>"; };
		8D5B92DF2C516CE800F1EFF3 /* TestAppStoryBoardUITests.xctest */ = {isa = PBXFileReference; explicitFileType = wrapper.cfbundle; includeInIndex = 0; path = TestAppStoryBoardUITests.xctest; sourceTree = BUILT_PRODUCTS_DIR; };
		8D5B92E32C516CE800F1EFF3 /* TestAppStoryBoardUITests.swift */ = {isa = PBXFileReference; lastKnownFileType = sourcecode.swift; path = TestAppStoryBoardUITests.swift; sourceTree = "<group>"; };
		8D5B92E52C516CE800F1EFF3 /* TestAppStoryBoardUITestsLaunchTests.swift */ = {isa = PBXFileReference; lastKnownFileType = sourcecode.swift; path = TestAppStoryBoardUITestsLaunchTests.swift; sourceTree = "<group>"; };
		8D7732572C55792B0037AAA8 /* TraficLightScreenViewController.swift */ = {isa = PBXFileReference; lastKnownFileType = sourcecode.swift; path = TraficLightScreenViewController.swift; sourceTree = "<group>"; };
		8D77341F2C55353A00230684 /* StackViews.storyboard */ = {isa = PBXFileReference; lastKnownFileType = file.storyboard; path = StackViews.storyboard; sourceTree = "<group>"; };
		8D7734572C55520A00230684 /* Trafic Lights Screen.storyboard */ = {isa = PBXFileReference; lastKnownFileType = file.storyboard; path = "Trafic Lights Screen.storyboard"; sourceTree = "<group>"; };
/* End PBXFileReference section */

/* Begin PBXFrameworksBuildPhase section */
		8D5B92BC2C516CE700F1EFF3 /* Frameworks */ = {
			isa = PBXFrameworksBuildPhase;
			buildActionMask = 2147483647;
			files = (
			);
			runOnlyForDeploymentPostprocessing = 0;
		};
		8D5B92D22C516CE800F1EFF3 /* Frameworks */ = {
			isa = PBXFrameworksBuildPhase;
			buildActionMask = 2147483647;
			files = (
			);
			runOnlyForDeploymentPostprocessing = 0;
		};
		8D5B92DC2C516CE800F1EFF3 /* Frameworks */ = {
			isa = PBXFrameworksBuildPhase;
			buildActionMask = 2147483647;
			files = (
			);
			runOnlyForDeploymentPostprocessing = 0;
		};
/* End PBXFrameworksBuildPhase section */

/* Begin PBXGroup section */
		8D5B92B62C516CE700F1EFF3 = {
			isa = PBXGroup;
			children = (
				8D5B92C12C516CE700F1EFF3 /* TestAppStoryBoard */,
				8D5B92D82C516CE800F1EFF3 /* TestAppStoryBoardTests */,
				8D5B92E22C516CE800F1EFF3 /* TestAppStoryBoardUITests */,
				8D5B92C02C516CE700F1EFF3 /* Products */,
			);
			sourceTree = "<group>";
		};
		8D5B92C02C516CE700F1EFF3 /* Products */ = {
			isa = PBXGroup;
			children = (
				8D5B92BF2C516CE700F1EFF3 /* TestAppStoryBoard.app */,
				8D5B92D52C516CE800F1EFF3 /* TestAppStoryBoardTests.xctest */,
				8D5B92DF2C516CE800F1EFF3 /* TestAppStoryBoardUITests.xctest */,
			);
			name = Products;
			sourceTree = "<group>";
		};
		8D5B92C12C516CE700F1EFF3 /* TestAppStoryBoard */ = {
			isa = PBXGroup;
			children = (
				8D5B92C22C516CE700F1EFF3 /* AppDelegate.swift */,
				8D5B92C42C516CE700F1EFF3 /* SceneDelegate.swift */,
				8D5B92C62C516CE700F1EFF3 /* ViewController.swift */,
				8D5B92C82C516CE700F1EFF3 /* Main.storyboard */,
				8D5B92CB2C516CE800F1EFF3 /* Assets.xcassets */,
				8D5B92CD2C516CE800F1EFF3 /* LaunchScreen.storyboard */,
				8D5B92D02C516CE800F1EFF3 /* Info.plist */,
				8D77341F2C55353A00230684 /* StackViews.storyboard */,
				8D7734572C55520A00230684 /* Trafic Lights Screen.storyboard */,
				8D7732572C55792B0037AAA8 /* TraficLightScreenViewController.swift */,
			);
			path = TestAppStoryBoard;
			sourceTree = "<group>";
		};
		8D5B92D82C516CE800F1EFF3 /* TestAppStoryBoardTests */ = {
			isa = PBXGroup;
			children = (
				8D5B92D92C516CE800F1EFF3 /* TestAppStoryBoardTests.swift */,
			);
			path = TestAppStoryBoardTests;
			sourceTree = "<group>";
		};
		8D5B92E22C516CE800F1EFF3 /* TestAppStoryBoardUITests */ = {
			isa = PBXGroup;
			children = (
				8D5B92E32C516CE800F1EFF3 /* TestAppStoryBoardUITests.swift */,
				8D5B92E52C516CE800F1EFF3 /* TestAppStoryBoardUITestsLaunchTests.swift */,
			);
			path = TestAppStoryBoardUITests;
			sourceTree = "<group>";
		};
/* End PBXGroup section */

/* Begin PBXNativeTarget section */
		8D5B92BE2C516CE700F1EFF3 /* TestAppStoryBoard */ = {
			isa = PBXNativeTarget;
			buildConfigurationList = 8D5B92E92C516CE800F1EFF3 /* Build configuration list for PBXNativeTarget "TestAppStoryBoard" */;
			buildPhases = (
				8D5B92BB2C516CE700F1EFF3 /* Sources */,
				8D5B92BC2C516CE700F1EFF3 /* Frameworks */,
				8D5B92BD2C516CE700F1EFF3 /* Resources */,
			);
			buildRules = (
			);
			dependencies = (
			);
			name = TestAppStoryBoard;
			productName = TestAppStoryBoard;
			productReference = 8D5B92BF2C516CE700F1EFF3 /* TestAppStoryBoard.app */;
			productType = "com.apple.product-type.application";
		};
		8D5B92D42C516CE800F1EFF3 /* TestAppStoryBoardTests */ = {
			isa = PBXNativeTarget;
			buildConfigurationList = 8D5B92EC2C516CE800F1EFF3 /* Build configuration list for PBXNativeTarget "TestAppStoryBoardTests" */;
			buildPhases = (
				8D5B92D12C516CE800F1EFF3 /* Sources */,
				8D5B92D22C516CE800F1EFF3 /* Frameworks */,
				8D5B92D32C516CE800F1EFF3 /* Resources */,
			);
			buildRules = (
			);
			dependencies = (
				8D5B92D72C516CE800F1EFF3 /* PBXTargetDependency */,
			);
			name = TestAppStoryBoardTests;
			productName = TestAppStoryBoardTests;
			productReference = 8D5B92D52C516CE800F1EFF3 /* TestAppStoryBoardTests.xctest */;
			productType = "com.apple.product-type.bundle.unit-test";
		};
		8D5B92DE2C516CE800F1EFF3 /* TestAppStoryBoardUITests */ = {
			isa = PBXNativeTarget;
			buildConfigurationList = 8D5B92EF2C516CE800F1EFF3 /* Build configuration list for PBXNativeTarget "TestAppStoryBoardUITests" */;
			buildPhases = (
				8D5B92DB2C516CE800F1EFF3 /* Sources */,
				8D5B92DC2C516CE800F1EFF3 /* Frameworks */,
				8D5B92DD2C516CE800F1EFF3 /* Resources */,
			);
			buildRules = (
			);
			dependencies = (
				8D5B92E12C516CE800F1EFF3 /* PBXTargetDependency */,
			);
			name = TestAppStoryBoardUITests;
			productName = TestAppStoryBoardUITests;
			productReference = 8D5B92DF2C516CE800F1EFF3 /* TestAppStoryBoardUITests.xctest */;
			productType = "com.apple.product-type.bundle.ui-testing";
		};
/* End PBXNativeTarget section */

/* Begin PBXProject section */
		8D5B92B72C516CE700F1EFF3 /* Project object */ = {
			isa = PBXProject;
			attributes = {
				BuildIndependentTargetsInParallel = 1;
				LastSwiftUpdateCheck = 1540;
				LastUpgradeCheck = 1540;
				TargetAttributes = {
					8D5B92BE2C516CE700F1EFF3 = {
						CreatedOnToolsVersion = 15.4;
					};
					8D5B92D42C516CE800F1EFF3 = {
						CreatedOnToolsVersion = 15.4;
						TestTargetID = 8D5B92BE2C516CE700F1EFF3;
					};
					8D5B92DE2C516CE800F1EFF3 = {
						CreatedOnToolsVersion = 15.4;
						TestTargetID = 8D5B92BE2C516CE700F1EFF3;
					};
				};
			};
			buildConfigurationList = 8D5B92BA2C516CE700F1EFF3 /* Build configuration list for PBXProject "TestAppStoryBoard" */;
			compatibilityVersion = "Xcode 14.0";
			developmentRegion = en;
			hasScannedForEncodings = 0;
			knownRegions = (
				en,
				Base,
			);
			mainGroup = 8D5B92B62C516CE700F1EFF3;
			productRefGroup = 8D5B92C02C516CE700F1EFF3 /* Products */;
			projectDirPath = "";
			projectRoot = "";
			targets = (
				8D5B92BE2C516CE700F1EFF3 /* TestAppStoryBoard */,
				8D5B92D42C516CE800F1EFF3 /* TestAppStoryBoardTests */,
				8D5B92DE2C516CE800F1EFF3 /* TestAppStoryBoardUITests */,
			);
		};
/* End PBXProject section */

/* Begin PBXResourcesBuildPhase section */
		8D5B92BD2C516CE700F1EFF3 /* Resources */ = {
			isa = PBXResourcesBuildPhase;
			buildActionMask = 2147483647;
			files = (
				8D7734202C55353A00230684 /* StackViews.storyboard in Resources */,
				8D5B92CC2C516CE800F1EFF3 /* Assets.xcassets in Resources */,
				8D5B92CF2C516CE800F1EFF3 /* Base in Resources */,
				8D7734582C55520A00230684 /* Trafic Lights Screen.storyboard in Resources */,
				8D5B92CA2C516CE700F1EFF3 /* Base in Resources */,
			);
			runOnlyForDeploymentPostprocessing = 0;
		};
		8D5B92D32C516CE800F1EFF3 /* Resources */ = {
			isa = PBXResourcesBuildPhase;
			buildActionMask = 2147483647;
			files = (
			);
			runOnlyForDeploymentPostprocessing = 0;
		};
		8D5B92DD2C516CE800F1EFF3 /* Resources */ = {
			isa = PBXResourcesBuildPhase;
			buildActionMask = 2147483647;
			files = (
			);
			runOnlyForDeploymentPostprocessing = 0;
		};
/* End PBXResourcesBuildPhase section */

/* Begin PBXSourcesBuildPhase section */
		8D5B92BB2C516CE700F1EFF3 /* Sources */ = {
			isa = PBXSourcesBuildPhase;
			buildActionMask = 2147483647;
			files = (
				8D7732582C55792B0037AAA8 /* TraficLightScreenViewController.swift in Sources */,
				8D5B92C72C516CE700F1EFF3 /* ViewController.swift in Sources */,
				8D5B92C32C516CE700F1EFF3 /* AppDelegate.swift in Sources */,
				8D5B92C52C516CE700F1EFF3 /* SceneDelegate.swift in Sources */,
			);
			runOnlyForDeploymentPostprocessing = 0;
		};
		8D5B92D12C516CE800F1EFF3 /* Sources */ = {
			isa = PBXSourcesBuildPhase;
			buildActionMask = 2147483647;
			files = (
				8D5B92DA2C516CE800F1EFF3 /* TestAppStoryBoardTests.swift in Sources */,
			);
			runOnlyForDeploymentPostprocessing = 0;
		};
		8D5B92DB2C516CE800F1EFF3 /* Sources */ = {
			isa = PBXSourcesBuildPhase;
			buildActionMask = 2147483647;
			files = (
				8D5B92E42C516CE800F1EFF3 /* TestAppStoryBoardUITests.swift in Sources */,
				8D5B92E62C516CE800F1EFF3 /* TestAppStoryBoardUITestsLaunchTests.swift in Sources */,
			);
			runOnlyForDeploymentPostprocessing = 0;
		};
/* End PBXSourcesBuildPhase section */

/* Begin PBXTargetDependency section */
		8D5B92D72C516CE800F1EFF3 /* PBXTargetDependency */ = {
			isa = PBXTargetDependency;
			target = 8D5B92BE2C516CE700F1EFF3 /* TestAppStoryBoard */;
			targetProxy = 8D5B92D62C516CE800F1EFF3 /* PBXContainerItemProxy */;
		};
		8D5B92E12C516CE800F1EFF3 /* PBXTargetDependency */ = {
			isa = PBXTargetDependency;
			target = 8D5B92BE2C516CE700F1EFF3 /* TestAppStoryBoard */;
			targetProxy = 8D5B92E02C516CE800F1EFF3 /* PBXContainerItemProxy */;
		};
/* End PBXTargetDependency section */

/* Begin PBXVariantGroup section */
		8D5B92C82C516CE700F1EFF3 /* Main.storyboard */ = {
			isa = PBXVariantGroup;
			children = (
				8D5B92C92C516CE700F1EFF3 /* Base */,
			);
			name = Main.storyboard;
			sourceTree = "<group>";
		};
		8D5B92CD2C516CE800F1EFF3 /* LaunchScreen.storyboard */ = {
			isa = PBXVariantGroup;
			children = (
				8D5B92CE2C516CE800F1EFF3 /* Base */,
			);
			name = LaunchScreen.storyboard;
			sourceTree = "<group>";
		};
/* End PBXVariantGroup section */

/* Begin XCBuildConfiguration section */
		8D5B92E72C516CE800F1EFF3 /* Debug */ = {
			isa = XCBuildConfiguration;
			buildSettings = {
				ALWAYS_SEARCH_USER_PATHS = NO;
				ASSETCATALOG_COMPILER_GENERATE_SWIFT_ASSET_SYMBOL_EXTENSIONS = YES;
				CLANG_ANALYZER_NONNULL = YES;
				CLANG_ANALYZER_NUMBER_OBJECT_CONVERSION = YES_AGGRESSIVE;
				CLANG_CXX_LANGUAGE_STANDARD = "gnu++20";
				CLANG_ENABLE_MODULES = YES;
				CLANG_ENABLE_OBJC_ARC = YES;
				CLANG_ENABLE_OBJC_WEAK = YES;
				CLANG_WARN_BLOCK_CAPTURE_AUTORELEASING = YES;
				CLANG_WARN_BOOL_CONVERSION = YES;
				CLANG_WARN_COMMA = YES;
				CLANG_WARN_CONSTANT_CONVERSION = YES;
				CLANG_WARN_DEPRECATED_OBJC_IMPLEMENTATIONS = YES;
				CLANG_WARN_DIRECT_OBJC_ISA_USAGE = YES_ERROR;
				CLANG_WARN_DOCUMENTATION_COMMENTS = YES;
				CLANG_WARN_EMPTY_BODY = YES;
				CLANG_WARN_ENUM_CONVERSION = YES;
				CLANG_WARN_INFINITE_RECURSION = YES;
				CLANG_WARN_INT_CONVERSION = YES;
				CLANG_WARN_NON_LITERAL_NULL_CONVERSION = YES;
				CLANG_WARN_OBJC_IMPLICIT_RETAIN_SELF = YES;
				CLANG_WARN_OBJC_LITERAL_CONVERSION = YES;
				CLANG_WARN_OBJC_ROOT_CLASS = YES_ERROR;
				CLANG_WARN_QUOTED_INCLUDE_IN_FRAMEWORK_HEADER = YES;
				CLANG_WARN_RANGE_LOOP_ANALYSIS = YES;
				CLANG_WARN_STRICT_PROTOTYPES = YES;
				CLANG_WARN_SUSPICIOUS_MOVE = YES;
				CLANG_WARN_UNGUARDED_AVAILABILITY = YES_AGGRESSIVE;
				CLANG_WARN_UNREACHABLE_CODE = YES;
				CLANG_WARN__DUPLICATE_METHOD_MATCH = YES;
				COPY_PHASE_STRIP = NO;
				DEBUG_INFORMATION_FORMAT = dwarf;
				ENABLE_STRICT_OBJC_MSGSEND = YES;
				ENABLE_TESTABILITY = YES;
				ENABLE_USER_SCRIPT_SANDBOXING = YES;
				GCC_C_LANGUAGE_STANDARD = gnu17;
				GCC_DYNAMIC_NO_PIC = NO;
				GCC_NO_COMMON_BLOCKS = YES;
				GCC_OPTIMIZATION_LEVEL = 0;
				GCC_PREPROCESSOR_DEFINITIONS = (
					"DEBUG=1",
					"$(inherited)",
				);
				GCC_WARN_64_TO_32_BIT_CONVERSION = YES;
				GCC_WARN_ABOUT_RETURN_TYPE = YES_ERROR;
				GCC_WARN_UNDECLARED_SELECTOR = YES;
				GCC_WARN_UNINITIALIZED_AUTOS = YES_AGGRESSIVE;
				GCC_WARN_UNUSED_FUNCTION = YES;
				GCC_WARN_UNUSED_VARIABLE = YES;
				IPHONEOS_DEPLOYMENT_TARGET = 17.5;
				LOCALIZATION_PREFERS_STRING_CATALOGS = YES;
				MTL_ENABLE_DEBUG_INFO = INCLUDE_SOURCE;
				MTL_FAST_MATH = YES;
				ONLY_ACTIVE_ARCH = YES;
				SDKROOT = iphoneos;
				SWIFT_ACTIVE_COMPILATION_CONDITIONS = "DEBUG $(inherited)";
				SWIFT_OPTIMIZATION_LEVEL = "-Onone";
			};
			name = Debug;
		};
		8D5B92E82C516CE800F1EFF3 /* Release */ = {
			isa = XCBuildConfiguration;
			buildSettings = {
				ALWAYS_SEARCH_USER_PATHS = NO;
				ASSETCATALOG_COMPILER_GENERATE_SWIFT_ASSET_SYMBOL_EXTENSIONS = YES;
				CLANG_ANALYZER_NONNULL = YES;
				CLANG_ANALYZER_NUMBER_OBJECT_CONVERSION = YES_AGGRESSIVE;
				CLANG_CXX_LANGUAGE_STANDARD = "gnu++20";
				CLANG_ENABLE_MODULES = YES;
				CLANG_ENABLE_OBJC_ARC = YES;
				CLANG_ENABLE_OBJC_WEAK = YES;
				CLANG_WARN_BLOCK_CAPTURE_AUTORELEASING = YES;
				CLANG_WARN_BOOL_CONVERSION = YES;
				CLANG_WARN_COMMA = YES;
				CLANG_WARN_CONSTANT_CONVERSION = YES;
				CLANG_WARN_DEPRECATED_OBJC_IMPLEMENTATIONS = YES;
				CLANG_WARN_DIRECT_OBJC_ISA_USAGE = YES_ERROR;
				CLANG_WARN_DOCUMENTATION_COMMENTS = YES;
				CLANG_WARN_EMPTY_BODY = YES;
				CLANG_WARN_ENUM_CONVERSION = YES;
				CLANG_WARN_INFINITE_RECURSION = YES;
				CLANG_WARN_INT_CONVERSION = YES;
				CLANG_WARN_NON_LITERAL_NULL_CONVERSION = YES;
				CLANG_WARN_OBJC_IMPLICIT_RETAIN_SELF = YES;
				CLANG_WARN_OBJC_LITERAL_CONVERSION = YES;
				CLANG_WARN_OBJC_ROOT_CLASS = YES_ERROR;
				CLANG_WARN_QUOTED_INCLUDE_IN_FRAMEWORK_HEADER = YES;
				CLANG_WARN_RANGE_LOOP_ANALYSIS = YES;
				CLANG_WARN_STRICT_PROTOTYPES = YES;
				CLANG_WARN_SUSPICIOUS_MOVE = YES;
				CLANG_WARN_UNGUARDED_AVAILABILITY = YES_AGGRESSIVE;
				CLANG_WARN_UNREACHABLE_CODE = YES;
				CLANG_WARN__DUPLICATE_METHOD_MATCH = YES;
				COPY_PHASE_STRIP = NO;
				DEBUG_INFORMATION_FORMAT = "dwarf-with-dsym";
				ENABLE_NS_ASSERTIONS = NO;
				ENABLE_STRICT_OBJC_MSGSEND = YES;
				ENABLE_USER_SCRIPT_SANDBOXING = YES;
				GCC_C_LANGUAGE_STANDARD = gnu17;
				GCC_NO_COMMON_BLOCKS = YES;
				GCC_WARN_64_TO_32_BIT_CONVERSION = YES;
				GCC_WARN_ABOUT_RETURN_TYPE = YES_ERROR;
				GCC_WARN_UNDECLARED_SELECTOR = YES;
				GCC_WARN_UNINITIALIZED_AUTOS = YES_AGGRESSIVE;
				GCC_WARN_UNUSED_FUNCTION = YES;
				GCC_WARN_UNUSED_VARIABLE = YES;
				IPHONEOS_DEPLOYMENT_TARGET = 17.5;
				LOCALIZATION_PREFERS_STRING_CATALOGS = YES;
				MTL_ENABLE_DEBUG_INFO = NO;
				MTL_FAST_MATH = YES;
				SDKROOT = iphoneos;
				SWIFT_COMPILATION_MODE = wholemodule;
				VALIDATE_PRODUCT = YES;
			};
			name = Release;
		};
		8D5B92EA2C516CE800F1EFF3 /* Debug */ = {
			isa = XCBuildConfiguration;
			buildSettings = {
				ASSETCATALOG_COMPILER_APPICON_NAME = AppIcon;
				ASSETCATALOG_COMPILER_GLOBAL_ACCENT_COLOR_NAME = AccentColor;
				CODE_SIGN_STYLE = Automatic;
				CURRENT_PROJECT_VERSION = 1;
				GENERATE_INFOPLIST_FILE = YES;
				INFOPLIST_FILE = TestAppStoryBoard/Info.plist;
				INFOPLIST_KEY_UIApplicationSupportsIndirectInputEvents = YES;
				INFOPLIST_KEY_UILaunchStoryboardName = LaunchScreen;
				INFOPLIST_KEY_UIMainStoryboardFile = Main;
				INFOPLIST_KEY_UISupportedInterfaceOrientations_iPad = "UIInterfaceOrientationPortrait UIInterfaceOrientationPortraitUpsideDown UIInterfaceOrientationLandscapeLeft UIInterfaceOrientationLandscapeRight";
				INFOPLIST_KEY_UISupportedInterfaceOrientations_iPhone = "UIInterfaceOrientationPortrait UIInterfaceOrientationLandscapeLeft UIInterfaceOrientationLandscapeRight";
				LD_RUNPATH_SEARCH_PATHS = (
					"$(inherited)",
					"@executable_path/Frameworks",
				);
				MARKETING_VERSION = 1.0;
				PRODUCT_BUNDLE_IDENTIFIER = "-.TestAppStoryBoard";
				PRODUCT_NAME = "$(TARGET_NAME)";
				SWIFT_EMIT_LOC_STRINGS = YES;
				SWIFT_VERSION = 5.0;
				TARGETED_DEVICE_FAMILY = "1,2";
			};
			name = Debug;
		};
		8D5B92EB2C516CE800F1EFF3 /* Release */ = {
			isa = XCBuildConfiguration;
			buildSettings = {
				ASSETCATALOG_COMPILER_APPICON_NAME = AppIcon;
				ASSETCATALOG_COMPILER_GLOBAL_ACCENT_COLOR_NAME = AccentColor;
				CODE_SIGN_STYLE = Automatic;
				CURRENT_PROJECT_VERSION = 1;
				GENERATE_INFOPLIST_FILE = YES;
				INFOPLIST_FILE = TestAppStoryBoard/Info.plist;
				INFOPLIST_KEY_UIApplicationSupportsIndirectInputEvents = YES;
				INFOPLIST_KEY_UILaunchStoryboardName = LaunchScreen;
				INFOPLIST_KEY_UIMainStoryboardFile = Main;
				INFOPLIST_KEY_UISupportedInterfaceOrientations_iPad = "UIInterfaceOrientationPortrait UIInterfaceOrientationPortraitUpsideDown UIInterfaceOrientationLandscapeLeft UIInterfaceOrientationLandscapeRight";
				INFOPLIST_KEY_UISupportedInterfaceOrientations_iPhone = "UIInterfaceOrientationPortrait UIInterfaceOrientationLandscapeLeft UIInterfaceOrientationLandscapeRight";
				LD_RUNPATH_SEARCH_PATHS = (
					"$(inherited)",
					"@executable_path/Frameworks",
				);
				MARKETING_VERSION = 1.0;
				PRODUCT_BUNDLE_IDENTIFIER = "-.TestAppStoryBoard";
				PRODUCT_NAME = "$(TARGET_NAME)";
				SWIFT_EMIT_LOC_STRINGS = YES;
				SWIFT_VERSION = 5.0;
				TARGETED_DEVICE_FAMILY = "1,2";
			};
			name = Release;
		};
		8D5B92ED2C516CE800F1EFF3 /* Debug */ = {
			isa = XCBuildConfiguration;
			buildSettings = {
				ALWAYS_EMBED_SWIFT_STANDARD_LIBRARIES = YES;
				BUNDLE_LOADER = "$(TEST_HOST)";
				CODE_SIGN_STYLE = Automatic;
				CURRENT_PROJECT_VERSION = 1;
				GENERATE_INFOPLIST_FILE = YES;
				IPHONEOS_DEPLOYMENT_TARGET = 17.5;
				MARKETING_VERSION = 1.0;
				PRODUCT_BUNDLE_IDENTIFIER = "-.TestAppStoryBoardTests";
				PRODUCT_NAME = "$(TARGET_NAME)";
				SWIFT_EMIT_LOC_STRINGS = NO;
				SWIFT_VERSION = 5.0;
				TARGETED_DEVICE_FAMILY = "1,2";
				TEST_HOST = "$(BUILT_PRODUCTS_DIR)/TestAppStoryBoard.app/$(BUNDLE_EXECUTABLE_FOLDER_PATH)/TestAppStoryBoard";
			};
			name = Debug;
		};
		8D5B92EE2C516CE800F1EFF3 /* Release */ = {
			isa = XCBuildConfiguration;
			buildSettings = {
				ALWAYS_EMBED_SWIFT_STANDARD_LIBRARIES = YES;
				BUNDLE_LOADER = "$(TEST_HOST)";
				CODE_SIGN_STYLE = Automatic;
				CURRENT_PROJECT_VERSION = 1;
				GENERATE_INFOPLIST_FILE = YES;
				IPHONEOS_DEPLOYMENT_TARGET = 17.5;
				MARKETING_VERSION = 1.0;
				PRODUCT_BUNDLE_IDENTIFIER = "-.TestAppStoryBoardTests";
				PRODUCT_NAME = "$(TARGET_NAME)";
				SWIFT_EMIT_LOC_STRINGS = NO;
				SWIFT_VERSION = 5.0;
				TARGETED_DEVICE_FAMILY = "1,2";
				TEST_HOST = "$(BUILT_PRODUCTS_DIR)/TestAppStoryBoard.app/$(BUNDLE_EXECUTABLE_FOLDER_PATH)/TestAppStoryBoard";
			};
			name = Release;
		};
		8D5B92F02C516CE800F1EFF3 /* Debug */ = {
			isa = XCBuildConfiguration;
			buildSettings = {
				ALWAYS_EMBED_SWIFT_STANDARD_LIBRARIES = YES;
				CODE_SIGN_STYLE = Automatic;
				CURRENT_PROJECT_VERSION = 1;
				GENERATE_INFOPLIST_FILE = YES;
				MARKETING_VERSION = 1.0;
				PRODUCT_BUNDLE_IDENTIFIER = "-.TestAppStoryBoardUITests";
				PRODUCT_NAME = "$(TARGET_NAME)";
				SWIFT_EMIT_LOC_STRINGS = NO;
				SWIFT_VERSION = 5.0;
				TARGETED_DEVICE_FAMILY = "1,2";
				TEST_TARGET_NAME = TestAppStoryBoard;
			};
			name = Debug;
		};
		8D5B92F12C516CE800F1EFF3 /* Release */ = {
			isa = XCBuildConfiguration;
			buildSettings = {
				ALWAYS_EMBED_SWIFT_STANDARD_LIBRARIES = YES;
				CODE_SIGN_STYLE = Automatic;
				CURRENT_PROJECT_VERSION = 1;
				GENERATE_INFOPLIST_FILE = YES;
				MARKETING_VERSION = 1.0;
				PRODUCT_BUNDLE_IDENTIFIER = "-.TestAppStoryBoardUITests";
				PRODUCT_NAME = "$(TARGET_NAME)";
				SWIFT_EMIT_LOC_STRINGS = NO;
				SWIFT_VERSION = 5.0;
				TARGETED_DEVICE_FAMILY = "1,2";
				TEST_TARGET_NAME = TestAppStoryBoard;
			};
			name = Release;
		};
/* End XCBuildConfiguration section */

/* Begin XCConfigurationList section */
		8D5B92BA2C516CE700F1EFF3 /* Build configuration list for PBXProject "TestAppStoryBoard" */ = {
			isa = XCConfigurationList;
			buildConfigurations = (
				8D5B92E72C516CE800F1EFF3 /* Debug */,
				8D5B92E82C516CE800F1EFF3 /* Release */,
			);
			defaultConfigurationIsVisible = 0;
			defaultConfigurationName = Release;
		};
		8D5B92E92C516CE800F1EFF3 /* Build configuration list for PBXNativeTarget "TestAppStoryBoard" */ = {
			isa = XCConfigurationList;
			buildConfigurations = (
				8D5B92EA2C516CE800F1EFF3 /* Debug */,
				8D5B92EB2C516CE800F1EFF3 /* Release */,
			);
			defaultConfigurationIsVisible = 0;
			defaultConfigurationName = Release;
		};
		8D5B92EC2C516CE800F1EFF3 /* Build configuration list for PBXNativeTarget "TestAppStoryBoardTests" */ = {
			isa = XCConfigurationList;
			buildConfigurations = (
				8D5B92ED2C516CE800F1EFF3 /* Debug */,
				8D5B92EE2C516CE800F1EFF3 /* Release */,
			);
			defaultConfigurationIsVisible = 0;
			defaultConfigurationName = Release;
		};
		8D5B92EF2C516CE800F1EFF3 /* Build configuration list for PBXNativeTarget "TestAppStoryBoardUITests" */ = {
			isa = XCConfigurationList;
			buildConfigurations = (
				8D5B92F02C516CE800F1EFF3 /* Debug */,
				8D5B92F12C516CE800F1EFF3 /* Release */,
			);
			defaultConfigurationIsVisible = 0;
			defaultConfigurationName = Release;
		};
/* End XCConfigurationList section */
	};
	rootObject = 8D5B92B72C516CE700F1EFF3 /* Project object */;
}
